
Microsoft Visual Studio Solution File, Format Version 12.00
# Visual Studio 15
VisualStudioVersion = 15.0.27428.2005
MinimumVisualStudioVersion = 10.0.40219.1
Project("{FAE04EC0-301F-11D3-BF4B-00C04F79EFBC}") = "DataAsync", "DataAsync\DataAsync.csproj", "{D5F8442E-1809-4EBB-932E-070A57C8C14A}"
EndProject
Global
	GlobalSection(SolutionConfigurationPlatforms) = preSolution
		Debug|Any CPU = Debug|Any CPU
		Release|Any CPU = Release|Any CPU
	EndGlobalSection
	GlobalSection(ProjectConfigurationPlatforms) = postSolution
		{D5F8442E-1809-4EBB-932E-070A57C8C14A}.Debug|Any CPU.ActiveCfg = Debug|Any CPU
		{D5F8442E-1809-4EBB-932E-070A57C8C14A}.Debug|Any CPU.Build.0 = Debug|Any CPU
		{D5F8442E-1809-4EBB-932E-070A57C8C14A}.Release|Any CPU.ActiveCfg = Release|Any CPU
		{D5F8442E-1809-4EBB-932E-070A57C8C14A}.Release|Any CPU.Build.0 = Release|Any CPU
	EndGlobalSection
	GlobalSection(SolutionProperties) = preSolution
		HideSolutionNode = FALSE
	EndGlobalSection
	GlobalSection(ExtensibilityGlobals) = postSolution
		SolutionGuid = {739AEA8F-CCF9-4770-AE9B-595DE2992C13}
	EndGlobalSection
EndGlobal
